// !$*UTF8*$!
{
	archiveVersion = 1;
	classes = {
	};
	objectVersion = 46;
	objects = {

/* Begin PBXBuildFile section */
		5BE41DEE02A37FFCC396E034 /* libPods.a in Frameworks */ = {isa = PBXBuildFile; fileRef = ABAD0C5C711D7FD75FC82C40 /* libPods.a */; };
		853398ED1D20424300759D9A /* Settings.m in Sources */ = {isa = PBXBuildFile; fileRef = 853398EC1D20424300759D9A /* Settings.m */; };
		853398F01D20440700759D9A /* JSONParser.m in Sources */ = {isa = PBXBuildFile; fileRef = 853398EF1D20440700759D9A /* JSONParser.m */; };
		853398F41D20505300759D9A /* WindowsPathConverterSettings.m in Sources */ = {isa = PBXBuildFile; fileRef = 853398F31D20505300759D9A /* WindowsPathConverterSettings.m */; };
		8541F52F1CFF6C2A00DD1C22 /* FileReadWriter.m in Sources */ = {isa = PBXBuildFile; fileRef = 8541F52E1CFF6C2A00DD1C22 /* FileReadWriter.m */; };
		8579F7901CCE4670007FC32B /* AppDelegate.m in Sources */ = {isa = PBXBuildFile; fileRef = 8579F78F1CCE4670007FC32B /* AppDelegate.m */; };
		8579F7931CCE4670007FC32B /* main.m in Sources */ = {isa = PBXBuildFile; fileRef = 8579F7921CCE4670007FC32B /* main.m */; };
		8579F7951CCE4671007FC32B /* Assets.xcassets in Resources */ = {isa = PBXBuildFile; fileRef = 8579F7941CCE4670007FC32B /* Assets.xcassets */; };
		8579F7981CCE4671007FC32B /* MainMenu.xib in Resources */ = {isa = PBXBuildFile; fileRef = 8579F7961CCE4671007FC32B /* MainMenu.xib */; };
		85A9148F1D732346003F9EE9 /* PrefrencesViewController.m in Sources */ = {isa = PBXBuildFile; fileRef = 85A9148E1D732346003F9EE9 /* PrefrencesViewController.m */; };
		85B41FB11CFF39E700E5C28D /* PathConverter.m in Sources */ = {isa = PBXBuildFile; fileRef = 85B41FB01CFF39E700E5C28D /* PathConverter.m */; };
		85B767B61D1328BB009E09AA /* CustomStatusItem.m in Sources */ = {isa = PBXBuildFile; fileRef = 85B767B51D1328BB009E09AA /* CustomStatusItem.m */; };
		85D0F7601D1E60AF000C5931 /* FloatingWindow.m in Sources */ = {isa = PBXBuildFile; fileRef = 85D0F75F1D1E60AF000C5931 /* FloatingWindow.m */; };
		85DFB0341CCF9C0800C3942A /* settings.json in Resources */ = {isa = PBXBuildFile; fileRef = 85DFB0331CCF9C0800C3942A /* settings.json */; };
/* End PBXBuildFile section */

/* Begin PBXFileReference section */
		673BB40F72D2CBE0A53633E8 /* Pods.debug.xcconfig */ = {isa = PBXFileReference; includeInIndex = 1; lastKnownFileType = text.xcconfig; name = Pods.debug.xcconfig; path = "Pods/Target Support Files/Pods/Pods.debug.xcconfig"; sourceTree = "<group>"; };
		829E29B06AAFC6F68665679D /* Pods.release.xcconfig */ = {isa = PBXFileReference; includeInIndex = 1; lastKnownFileType = text.xcconfig; name = Pods.release.xcconfig; path = "Pods/Target Support Files/Pods/Pods.release.xcconfig"; sourceTree = "<group>"; };
		853398EB1D20424300759D9A /* Settings.h */ = {isa = PBXFileReference; fileEncoding = 4; lastKnownFileType = sourcecode.c.h; path = Settings.h; sourceTree = "<group>"; };
		853398EC1D20424300759D9A /* Settings.m */ = {isa = PBXFileReference; fileEncoding = 4; lastKnownFileType = sourcecode.c.objc; path = Settings.m; sourceTree = "<group>"; };
		853398EE1D20440700759D9A /* JSONParser.h */ = {isa = PBXFileReference; fileEncoding = 4; lastKnownFileType = sourcecode.c.h; path = JSONParser.h; sourceTree = "<group>"; };
		853398EF1D20440700759D9A /* JSONParser.m */ = {isa = PBXFileReference; fileEncoding = 4; lastKnownFileType = sourcecode.c.objc; path = JSONParser.m; sourceTree = "<group>"; };
		853398F21D20505300759D9A /* WindowsPathConverterSettings.h */ = {isa = PBXFileReference; fileEncoding = 4; lastKnownFileType = sourcecode.c.h; path = WindowsPathConverterSettings.h; sourceTree = "<group>"; };
		853398F31D20505300759D9A /* WindowsPathConverterSettings.m */ = {isa = PBXFileReference; fileEncoding = 4; lastKnownFileType = sourcecode.c.objc; path = WindowsPathConverterSettings.m; sourceTree = "<group>"; };
		8541F52D1CFF6C2A00DD1C22 /* FileReadWriter.h */ = {isa = PBXFileReference; fileEncoding = 4; lastKnownFileType = sourcecode.c.h; path = FileReadWriter.h; sourceTree = "<group>"; };
		8541F52E1CFF6C2A00DD1C22 /* FileReadWriter.m */ = {isa = PBXFileReference; fileEncoding = 4; lastKnownFileType = sourcecode.c.objc; path = FileReadWriter.m; sourceTree = "<group>"; };
		8579F78B1CCE4670007FC32B /* WindowsPathConverter.app */ = {isa = PBXFileReference; explicitFileType = wrapper.application; includeInIndex = 0; path = WindowsPathConverter.app; sourceTree = BUILT_PRODUCTS_DIR; };
		8579F78E1CCE4670007FC32B /* AppDelegate.h */ = {isa = PBXFileReference; lastKnownFileType = sourcecode.c.h; path = AppDelegate.h; sourceTree = "<group>"; };
		8579F78F1CCE4670007FC32B /* AppDelegate.m */ = {isa = PBXFileReference; lastKnownFileType = sourcecode.c.objc; path = AppDelegate.m; sourceTree = "<group>"; };
		8579F7921CCE4670007FC32B /* main.m */ = {isa = PBXFileReference; lastKnownFileType = sourcecode.c.objc; path = main.m; sourceTree = "<group>"; };
		8579F7941CCE4670007FC32B /* Assets.xcassets */ = {isa = PBXFileReference; lastKnownFileType = folder.assetcatalog; path = Assets.xcassets; sourceTree = "<group>"; };
		8579F7971CCE4671007FC32B /* Base */ = {isa = PBXFileReference; lastKnownFileType = file.xib; name = Base; path = Base.lproj/MainMenu.xib; sourceTree = "<group>"; };
		8579F7991CCE4671007FC32B /* Info.plist */ = {isa = PBXFileReference; lastKnownFileType = text.plist.xml; path = Info.plist; sourceTree = "<group>"; };
		85A9148D1D732346003F9EE9 /* PrefrencesViewController.h */ = {isa = PBXFileReference; fileEncoding = 4; lastKnownFileType = sourcecode.c.h; path = PrefrencesViewController.h; sourceTree = "<group>"; };
		85A9148E1D732346003F9EE9 /* PrefrencesViewController.m */ = {isa = PBXFileReference; fileEncoding = 4; lastKnownFileType = sourcecode.c.objc; path = PrefrencesViewController.m; sourceTree = "<group>"; };
		85B41FAF1CFF39E700E5C28D /* PathConverter.h */ = {isa = PBXFileReference; fileEncoding = 4; lastKnownFileType = sourcecode.c.h; path = PathConverter.h; sourceTree = "<group>"; };
		85B41FB01CFF39E700E5C28D /* PathConverter.m */ = {isa = PBXFileReference; fileEncoding = 4; lastKnownFileType = sourcecode.c.objc; path = PathConverter.m; sourceTree = "<group>"; };
		85B767B41D1328BB009E09AA /* CustomStatusItem.h */ = {isa = PBXFileReference; fileEncoding = 4; lastKnownFileType = sourcecode.c.h; path = CustomStatusItem.h; sourceTree = "<group>"; };
		85B767B51D1328BB009E09AA /* CustomStatusItem.m */ = {isa = PBXFileReference; fileEncoding = 4; lastKnownFileType = sourcecode.c.objc; path = CustomStatusItem.m; sourceTree = "<group>"; };
		85D0F75E1D1E60AF000C5931 /* FloatingWindow.h */ = {isa = PBXFileReference; fileEncoding = 4; lastKnownFileType = sourcecode.c.h; path = FloatingWindow.h; sourceTree = "<group>"; };
		85D0F75F1D1E60AF000C5931 /* FloatingWindow.m */ = {isa = PBXFileReference; fileEncoding = 4; lastKnownFileType = sourcecode.c.objc; path = FloatingWindow.m; sourceTree = "<group>"; };
		85DFB0331CCF9C0800C3942A /* settings.json */ = {isa = PBXFileReference; fileEncoding = 4; lastKnownFileType = text.json; path = settings.json; sourceTree = "<group>"; };
		ABAD0C5C711D7FD75FC82C40 /* libPods.a */ = {isa = PBXFileReference; explicitFileType = archive.ar; includeInIndex = 0; path = libPods.a; sourceTree = BUILT_PRODUCTS_DIR; };
/* End PBXFileReference section */

/* Begin PBXFrameworksBuildPhase section */
		8579F7881CCE4670007FC32B /* Frameworks */ = {
			isa = PBXFrameworksBuildPhase;
			buildActionMask = 2147483647;
			files = (
				5BE41DEE02A37FFCC396E034 /* libPods.a in Frameworks */,
			);
			runOnlyForDeploymentPostprocessing = 0;
		};
/* End PBXFrameworksBuildPhase section */

/* Begin PBXGroup section */
		5FC460C687F3D09DA048AE6C /* Frameworks */ = {
			isa = PBXGroup;
			children = (
				ABAD0C5C711D7FD75FC82C40 /* libPods.a */,
			);
			name = Frameworks;
			sourceTree = "<group>";
		};
		853398F11D204FA000759D9A /* Classes */ = {
			isa = PBXGroup;
			children = (
				85B41FAF1CFF39E700E5C28D /* PathConverter.h */,
				85B41FB01CFF39E700E5C28D /* PathConverter.m */,
				8541F52D1CFF6C2A00DD1C22 /* FileReadWriter.h */,
				8541F52E1CFF6C2A00DD1C22 /* FileReadWriter.m */,
				85B767B41D1328BB009E09AA /* CustomStatusItem.h */,
				85B767B51D1328BB009E09AA /* CustomStatusItem.m */,
				85D0F75E1D1E60AF000C5931 /* FloatingWindow.h */,
				85D0F75F1D1E60AF000C5931 /* FloatingWindow.m */,
				85A9148C1D73208E003F9EE9 /* Settings */,
				853398EE1D20440700759D9A /* JSONParser.h */,
				853398EF1D20440700759D9A /* JSONParser.m */,
			);
			name = Classes;
			sourceTree = "<group>";
		};
		8579F7821CCE4670007FC32B = {
			isa = PBXGroup;
			children = (
				8579F78D1CCE4670007FC32B /* WindowsPathConverter */,
				8579F78C1CCE4670007FC32B /* Products */,
				C0F6883204F85076D712F952 /* Pods */,
				5FC460C687F3D09DA048AE6C /* Frameworks */,
			);
			sourceTree = "<group>";
		};
		8579F78C1CCE4670007FC32B /* Products */ = {
			isa = PBXGroup;
			children = (
				8579F78B1CCE4670007FC32B /* WindowsPathConverter.app */,
			);
			name = Products;
			sourceTree = "<group>";
		};
		8579F78D1CCE4670007FC32B /* WindowsPathConverter */ = {
			isa = PBXGroup;
			children = (
				8579F78E1CCE4670007FC32B /* AppDelegate.h */,
				8579F78F1CCE4670007FC32B /* AppDelegate.m */,
				85A9148D1D732346003F9EE9 /* PrefrencesViewController.h */,
				85A9148E1D732346003F9EE9 /* PrefrencesViewController.m */,
				8579F7941CCE4670007FC32B /* Assets.xcassets */,
				8579F7961CCE4671007FC32B /* MainMenu.xib */,
				8579F7991CCE4671007FC32B /* Info.plist */,
				8579F7911CCE4670007FC32B /* Supporting Files */,
				85DFB0331CCF9C0800C3942A /* settings.json */,
				853398F11D204FA000759D9A /* Classes */,
			);
			path = WindowsPathConverter;
			sourceTree = "<group>";
		};
		8579F7911CCE4670007FC32B /* Supporting Files */ = {
			isa = PBXGroup;
			children = (
				8579F7921CCE4670007FC32B /* main.m */,
			);
			name = "Supporting Files";
			sourceTree = "<group>";
		};
		85A9148C1D73208E003F9EE9 /* Settings */ = {
			isa = PBXGroup;
			children = (
				853398EB1D20424300759D9A /* Settings.h */,
				853398EC1D20424300759D9A /* Settings.m */,
				853398F21D20505300759D9A /* WindowsPathConverterSettings.h */,
				853398F31D20505300759D9A /* WindowsPathConverterSettings.m */,
			);
			name = Settings;
			sourceTree = "<group>";
		};
		C0F6883204F85076D712F952 /* Pods */ = {
			isa = PBXGroup;
			children = (
				673BB40F72D2CBE0A53633E8 /* Pods.debug.xcconfig */,
				829E29B06AAFC6F68665679D /* Pods.release.xcconfig */,
			);
			name = Pods;
			sourceTree = "<group>";
		};
/* End PBXGroup section */

/* Begin PBXNativeTarget section */
		8579F78A1CCE4670007FC32B /* WindowsPathConverter */ = {
			isa = PBXNativeTarget;
			buildConfigurationList = 8579F79C1CCE4671007FC32B /* Build configuration list for PBXNativeTarget "WindowsPathConverter" */;
			buildPhases = (
				A1B2378FC5D6D3E7B86FA28B /* Check Pods Manifest.lock */,
				8579F7871CCE4670007FC32B /* Sources */,
				8579F7881CCE4670007FC32B /* Frameworks */,
				8579F7891CCE4670007FC32B /* Resources */,
				6FF7322B03AE29E29D50470C /* Embed Pods Frameworks */,
				F9628EB2B5DD7F87DFBD85E4 /* Copy Pods Resources */,
			);
			buildRules = (
			);
			dependencies = (
			);
			name = WindowsPathConverter;
			productName = WindowsPathConverter;
			productReference = 8579F78B1CCE4670007FC32B /* WindowsPathConverter.app */;
			productType = "com.apple.product-type.application";
		};
/* End PBXNativeTarget section */

/* Begin PBXProject section */
		8579F7831CCE4670007FC32B /* Project object */ = {
			isa = PBXProject;
			attributes = {
				LastUpgradeCheck = 0730;
				ORGANIZATIONNAME = "Cian McLennan";
				TargetAttributes = {
					8579F78A1CCE4670007FC32B = {
						CreatedOnToolsVersion = 7.3;
					};
				};
			};
			buildConfigurationList = 8579F7861CCE4670007FC32B /* Build configuration list for PBXProject "WindowsPathConverter" */;
			compatibilityVersion = "Xcode 3.2";
			developmentRegion = English;
			hasScannedForEncodings = 0;
			knownRegions = (
				en,
				Base,
			);
			mainGroup = 8579F7821CCE4670007FC32B;
			productRefGroup = 8579F78C1CCE4670007FC32B /* Products */;
			projectDirPath = "";
			projectRoot = "";
			targets = (
				8579F78A1CCE4670007FC32B /* WindowsPathConverter */,
			);
		};
/* End PBXProject section */

/* Begin PBXResourcesBuildPhase section */
		8579F7891CCE4670007FC32B /* Resources */ = {
			isa = PBXResourcesBuildPhase;
			buildActionMask = 2147483647;
			files = (
				85DFB0341CCF9C0800C3942A /* settings.json in Resources */,
				8579F7951CCE4671007FC32B /* Assets.xcassets in Resources */,
				8579F7981CCE4671007FC32B /* MainMenu.xib in Resources */,
			);
			runOnlyForDeploymentPostprocessing = 0;
		};
/* End PBXResourcesBuildPhase section */

/* Begin PBXShellScriptBuildPhase section */
		6FF7322B03AE29E29D50470C /* Embed Pods Frameworks */ = {
			isa = PBXShellScriptBuildPhase;
			buildActionMask = 2147483647;
			files = (
			);
			inputPaths = (
			);
			name = "Embed Pods Frameworks";
			outputPaths = (
			);
			runOnlyForDeploymentPostprocessing = 0;
			shellPath = /bin/sh;
			shellScript = "\"${SRCROOT}/Pods/Target Support Files/Pods/Pods-frameworks.sh\"\n";
			showEnvVarsInLog = 0;
		};
		A1B2378FC5D6D3E7B86FA28B /* Check Pods Manifest.lock */ = {
			isa = PBXShellScriptBuildPhase;
			buildActionMask = 2147483647;
			files = (
			);
			inputPaths = (
			);
			name = "Check Pods Manifest.lock";
			outputPaths = (
			);
			runOnlyForDeploymentPostprocessing = 0;
			shellPath = /bin/sh;
			shellScript = "diff \"${PODS_ROOT}/../Podfile.lock\" \"${PODS_ROOT}/Manifest.lock\" > /dev/null\nif [[ $? != 0 ]] ; then\n    cat << EOM\nerror: The sandbox is not in sync with the Podfile.lock. Run 'pod install' or update your CocoaPods installation.\nEOM\n    exit 1\nfi\n";
			showEnvVarsInLog = 0;
		};
		F9628EB2B5DD7F87DFBD85E4 /* Copy Pods Resources */ = {
			isa = PBXShellScriptBuildPhase;
			buildActionMask = 2147483647;
			files = (
			);
			inputPaths = (
			);
			name = "Copy Pods Resources";
			outputPaths = (
			);
			runOnlyForDeploymentPostprocessing = 0;
			shellPath = /bin/sh;
			shellScript = "\"${SRCROOT}/Pods/Target Support Files/Pods/Pods-resources.sh\"\n";
			showEnvVarsInLog = 0;
		};
/* End PBXShellScriptBuildPhase section */

/* Begin PBXSourcesBuildPhase section */
		8579F7871CCE4670007FC32B /* Sources */ = {
			isa = PBXSourcesBuildPhase;
			buildActionMask = 2147483647;
			files = (
				8541F52F1CFF6C2A00DD1C22 /* FileReadWriter.m in Sources */,
				85B767B61D1328BB009E09AA /* CustomStatusItem.m in Sources */,
				8579F7931CCE4670007FC32B /* main.m in Sources */,
				85A9148F1D732346003F9EE9 /* PrefrencesViewController.m in Sources */,
				85D0F7601D1E60AF000C5931 /* FloatingWindow.m in Sources */,
				853398F41D20505300759D9A /* WindowsPathConverterSettings.m in Sources */,
				8579F7901CCE4670007FC32B /* AppDelegate.m in Sources */,
				85B41FB11CFF39E700E5C28D /* PathConverter.m in Sources */,
				853398F01D20440700759D9A /* JSONParser.m in Sources */,
				853398ED1D20424300759D9A /* Settings.m in Sources */,
			);
			runOnlyForDeploymentPostprocessing = 0;
		};
/* End PBXSourcesBuildPhase section */

/* Begin PBXVariantGroup section */
		8579F7961CCE4671007FC32B /* MainMenu.xib */ = {
			isa = PBXVariantGroup;
			children = (
				8579F7971CCE4671007FC32B /* Base */,
			);
			name = MainMenu.xib;
			sourceTree = "<group>";
		};
/* End PBXVariantGroup section */

/* Begin XCBuildConfiguration section */
		8579F79A1CCE4671007FC32B /* Debug */ = {
			isa = XCBuildConfiguration;
			buildSettings = {
				ALWAYS_SEARCH_USER_PATHS = NO;
				CLANG_ANALYZER_NONNULL = YES;
				CLANG_CXX_LANGUAGE_STANDARD = "gnu++0x";
				CLANG_CXX_LIBRARY = "libc++";
				CLANG_ENABLE_MODULES = YES;
				CLANG_ENABLE_OBJC_ARC = YES;
				CLANG_WARN_BOOL_CONVERSION = YES;
				CLANG_WARN_CONSTANT_CONVERSION = YES;
				CLANG_WARN_DIRECT_OBJC_ISA_USAGE = YES_ERROR;
				CLANG_WARN_EMPTY_BODY = YES;
				CLANG_WARN_ENUM_CONVERSION = YES;
				CLANG_WARN_INT_CONVERSION = YES;
				CLANG_WARN_OBJC_ROOT_CLASS = YES_ERROR;
				CLANG_WARN_UNREACHABLE_CODE = YES;
				CLANG_WARN__DUPLICATE_METHOD_MATCH = YES;
				CODE_SIGN_IDENTITY = "-";
				COPY_PHASE_STRIP = NO;
				DEBUG_INFORMATION_FORMAT = dwarf;
				ENABLE_STRICT_OBJC_MSGSEND = YES;
				ENABLE_TESTABILITY = YES;
				GCC_C_LANGUAGE_STANDARD = gnu99;
				GCC_DYNAMIC_NO_PIC = NO;
				GCC_NO_COMMON_BLOCKS = YES;
				GCC_OPTIMIZATION_LEVEL = 0;
				GCC_PREPROCESSOR_DEFINITIONS = (
					"DEBUG=1",
					"$(inherited)",
				);
				GCC_WARN_64_TO_32_BIT_CONVERSION = YES;
				GCC_WARN_ABOUT_RETURN_TYPE = YES_ERROR;
				GCC_WARN_UNDECLARED_SELECTOR = YES;
				GCC_WARN_UNINITIALIZED_AUTOS = YES_AGGRESSIVE;
				GCC_WARN_UNUSED_FUNCTION = YES;
				GCC_WARN_UNUSED_VARIABLE = YES;
				MACOSX_DEPLOYMENT_TARGET = 10.11;
				MTL_ENABLE_DEBUG_INFO = YES;
				ONLY_ACTIVE_ARCH = YES;
				SDKROOT = macosx;
			};
			name = Debug;
		};
		8579F79B1CCE4671007FC32B /* Release */ = {
			isa = XCBuildConfiguration;
			buildSettings = {
				ALWAYS_SEARCH_USER_PATHS = NO;
				CLANG_ANALYZER_NONNULL = YES;
				CLANG_CXX_LANGUAGE_STANDARD = "gnu++0x";
				CLANG_CXX_LIBRARY = "libc++";
				CLANG_ENABLE_MODULES = YES;
				CLANG_ENABLE_OBJC_ARC = YES;
				CLANG_WARN_BOOL_CONVERSION = YES;
				CLANG_WARN_CONSTANT_CONVERSION = YES;
				CLANG_WARN_DIRECT_OBJC_ISA_USAGE = YES_ERROR;
				CLANG_WARN_EMPTY_BODY = YES;
				CLANG_WARN_ENUM_CONVERSION = YES;
				CLANG_WARN_INT_CONVERSION = YES;
				CLANG_WARN_OBJC_ROOT_CLASS = YES_ERROR;
				CLANG_WARN_UNREACHABLE_CODE = YES;
				CLANG_WARN__DUPLICATE_METHOD_MATCH = YES;
				CODE_SIGN_IDENTITY = "-";
				COPY_PHASE_STRIP = NO;
				DEBUG_INFORMATION_FORMAT = "dwarf-with-dsym";
				ENABLE_NS_ASSERTIONS = NO;
				ENABLE_STRICT_OBJC_MSGSEND = YES;
				GCC_C_LANGUAGE_STANDARD = gnu99;
				GCC_NO_COMMON_BLOCKS = YES;
				GCC_WARN_64_TO_32_BIT_CONVERSION = YES;
				GCC_WARN_ABOUT_RETURN_TYPE = YES_ERROR;
				GCC_WARN_UNDECLARED_SELECTOR = YES;
				GCC_WARN_UNINITIALIZED_AUTOS = YES_AGGRESSIVE;
				GCC_WARN_UNUSED_FUNCTION = YES;
				GCC_WARN_UNUSED_VARIABLE = YES;
				MACOSX_DEPLOYMENT_TARGET = 10.11;
				MTL_ENABLE_DEBUG_INFO = NO;
				SDKROOT = macosx;
			};
			name = Release;
		};
		8579F79D1CCE4671007FC32B /* Debug */ = {
			isa = XCBuildConfiguration;
			baseConfigurationReference = 673BB40F72D2CBE0A53633E8 /* Pods.debug.xcconfig */;
			buildSettings = {
				ASSETCATALOG_COMPILER_APPICON_NAME = AppIcon;
				COMBINE_HIDPI_IMAGES = YES;
				INFOPLIST_FILE = WindowsPathConverter/Info.plist;
				LD_RUNPATH_SEARCH_PATHS = "$(inherited) @executable_path/../Frameworks";
				PRODUCT_BUNDLE_IDENTIFIER = com.ciankm.WindowsPathConverter;
				PRODUCT_NAME = "$(TARGET_NAME)";
			};
			name = Debug;
		};
		8579F79E1CCE4671007FC32B /* Release */ = {
			isa = XCBuildConfiguration;
			baseConfigurationReference = 829E29B06AAFC6F68665679D /* Pods.release.xcconfig */;
			buildSettings = {
				ASSETCATALOG_COMPILER_APPICON_NAME = AppIcon;
				COMBINE_HIDPI_IMAGES = YES;
				INFOPLIST_FILE = WindowsPathConverter/Info.plist;
				LD_RUNPATH_SEARCH_PATHS = "$(inherited) @executable_path/../Frameworks";
				PRODUCT_BUNDLE_IDENTIFIER = com.ciankm.WindowsPathConverter;
				PRODUCT_NAME = "$(TARGET_NAME)";
			};
			name = Release;
		};
/* End XCBuildConfiguration section */

/* Begin XCConfigurationList section */
		8579F7861CCE4670007FC32B /* Build configuration list for PBXProject "WindowsPathConverter" */ = {
			isa = XCConfigurationList;
			buildConfigurations = (
				8579F79A1CCE4671007FC32B /* Debug */,
				8579F79B1CCE4671007FC32B /* Release */,
			);
			defaultConfigurationIsVisible = 0;
			defaultConfigurationName = Release;
		};
		8579F79C1CCE4671007FC32B /* Build configuration list for PBXNativeTarget "WindowsPathConverter" */ = {
			isa = XCConfigurationList;
			buildConfigurations = (
				8579F79D1CCE4671007FC32B /* Debug */,
				8579F79E1CCE4671007FC32B /* Release */,
			);
			defaultConfigurationIsVisible = 0;
			defaultConfigurationName = Release;
		};
/* End XCConfigurationList section */
	};
	rootObject = 8579F7831CCE4670007FC32B /* Project object */;
}
